Microsoft Visual Studio Solution File, Format Version 10.00
# Visual Studio 2008
Project("{8BC9CEB8-8B4A-11D0-8D11-00A0C91BC942}") = "__ltp_dll", "__ltp_dll.vcproj", "{E31A5BB7-113B-49FA-B4EC-B172088350B9}"
	ProjectSection(ProjectDependencies) = postProject
		{BD14D714-8A65-4E0D-85BC-792A863EE5E8} = {BD14D714-8A65-4E0D-85BC-792A863EE5E8}
		{2641476E-E818-4FAA-A017-57582BB60301} = {2641476E-E818-4FAA-A017-57582BB60301}
		{CC2BA3AC-6395-475F-8588-7DEC3A4FE8AE} = {CC2BA3AC-6395-475F-8588-7DEC3A4FE8AE}
		{C472FEC4-38D5-435F-A007-0AC4A6CCBA93} = {C472FEC4-38D5-435F-A007-0AC4A6CCBA93}
		{5FD8B8CD-6ED2-41BF-8DA1-459B8BA64938} = {5FD8B8CD-6ED2-41BF-8DA1-459B8BA64938}
	EndProjectSection
EndProject
Project("{8BC9CEB8-8B4A-11D0-8D11-00A0C91BC942}") = "__ltp_dll_for_python", "__ltp_dll_for_python.vcproj", "{84D5F8E7-2F20-414B-9C67-A9CD84AC36A2}"
	ProjectSection(ProjectDependencies) = postProject
		{E31A5BB7-113B-49FA-B4EC-B172088350B9} = {E31A5BB7-113B-49FA-B4EC-B172088350B9}
	EndProjectSection
EndProject
Project("{8BC9CEB8-8B4A-11D0-8D11-00A0C91BC942}") = "_ner", "_ner.vcproj", "{C472FEC4-38D5-435F-A007-0AC4A6CCBA93}"
EndProject
Project("{8BC9CEB8-8B4A-11D0-8D11-00A0C91BC942}") = "test_suit", "test_suit.vcproj", "{4F29E4D3-E2F5-4A8A-9AB3-2BB768E34444}"
	ProjectSection(ProjectDependencies) = postProject
		{E31A5BB7-113B-49FA-B4EC-B172088350B9} = {E31A5BB7-113B-49FA-B4EC-B172088350B9}
		{84D5F8E7-2F20-414B-9C67-A9CD84AC36A2} = {84D5F8E7-2F20-414B-9C67-A9CD84AC36A2}
	EndProjectSection
EndProject
Project("{8BC9CEB8-8B4A-11D0-8D11-00A0C91BC942}") = "_srl", "_srl.vcproj", "{CC2BA3AC-6395-475F-8588-7DEC3A4FE8AE}"
EndProject
Project("{8BC9CEB8-8B4A-11D0-8D11-00A0C91BC942}") = "_svmtagger", "_svmtagger.vcproj", "{2641476E-E818-4FAA-A017-57582BB60301}"
EndProject
Project("{8BC9CEB8-8B4A-11D0-8D11-00A0C91BC942}") = "_gparser", "_gparser.vcproj", "{5FD8B8CD-6ED2-41BF-8DA1-459B8BA64938}"
EndProject
Project("{8BC9CEB8-8B4A-11D0-8D11-00A0C91BC942}") = "_crfwordsegment", "_crfwordsegment.vcproj", "{BD14D714-8A65-4E0D-85BC-792A863EE5E8}"
EndProject
Global
	GlobalSection(SolutionConfigurationPlatforms) = preSolution
		Debug|Win32 = Debug|Win32
		Release|Win32 = Release|Win32
	EndGlobalSection
	GlobalSection(ProjectConfigurationPlatforms) = postSolution
		{E31A5BB7-113B-49FA-B4EC-B172088350B9}.Debug|Win32.ActiveCfg = Debug|Win32
		{E31A5BB7-113B-49FA-B4EC-B172088350B9}.Debug|Win32.Build.0 = Debug|Win32
		{E31A5BB7-113B-49FA-B4EC-B172088350B9}.Release|Win32.ActiveCfg = Release|Win32
		{E31A5BB7-113B-49FA-B4EC-B172088350B9}.Release|Win32.Build.0 = Release|Win32
		{84D5F8E7-2F20-414B-9C67-A9CD84AC36A2}.Debug|Win32.ActiveCfg = Debug|Win32
		{84D5F8E7-2F20-414B-9C67-A9CD84AC36A2}.Debug|Win32.Build.0 = Debug|Win32
		{84D5F8E7-2F20-414B-9C67-A9CD84AC36A2}.Release|Win32.ActiveCfg = Release|Win32
		{84D5F8E7-2F20-414B-9C67-A9CD84AC36A2}.Release|Win32.Build.0 = Release|Win32
		{C472FEC4-38D5-435F-A007-0AC4A6CCBA93}.Debug|Win32.ActiveCfg = Debug|Win32
		{C472FEC4-38D5-435F-A007-0AC4A6CCBA93}.Debug|Win32.Build.0 = Debug|Win32
		{C472FEC4-38D5-435F-A007-0AC4A6CCBA93}.Release|Win32.ActiveCfg = Release|Win32
		{C472FEC4-38D5-435F-A007-0AC4A6CCBA93}.Release|Win32.Build.0 = Release|Win32
		{4F29E4D3-E2F5-4A8A-9AB3-2BB768E34444}.Debug|Win32.ActiveCfg = Debug|Win32
		{4F29E4D3-E2F5-4A8A-9AB3-2BB768E34444}.Debug|Win32.Build.0 = Debug|Win32
		{4F29E4D3-E2F5-4A8A-9AB3-2BB768E34444}.Release|Win32.ActiveCfg = Release|Win32
		{4F29E4D3-E2F5-4A8A-9AB3-2BB768E34444}.Release|Win32.Build.0 = Release|Win32
		{CC2BA3AC-6395-475F-8588-7DEC3A4FE8AE}.Debug|Win32.ActiveCfg = Debug|Win32
		{CC2BA3AC-6395-475F-8588-7DEC3A4FE8AE}.Debug|Win32.Build.0 = Debug|Win32
		{CC2BA3AC-6395-475F-8588-7DEC3A4FE8AE}.Release|Win32.ActiveCfg = Release|Win32
		{CC2BA3AC-6395-475F-8588-7DEC3A4FE8AE}.Release|Win32.Build.0 = Release|Win32
		{2641476E-E818-4FAA-A017-57582BB60301}.Debug|Win32.ActiveCfg = Debug|Win32
		{2641476E-E818-4FAA-A017-57582BB60301}.Release|Win32.ActiveCfg = Release|Win32
		{5FD8B8CD-6ED2-41BF-8DA1-459B8BA64938}.Debug|Win32.ActiveCfg = Debug|Win32
		{5FD8B8CD-6ED2-41BF-8DA1-459B8BA64938}.Debug|Win32.Build.0 = Debug|Win32
		{5FD8B8CD-6ED2-41BF-8DA1-459B8BA64938}.Release|Win32.ActiveCfg = Release|Win32
		{5FD8B8CD-6ED2-41BF-8DA1-459B8BA64938}.Release|Win32.Build.0 = Release|Win32
		{BD14D714-8A65-4E0D-85BC-792A863EE5E8}.Debug|Win32.ActiveCfg = Debug|Win32
		{BD14D714-8A65-4E0D-85BC-792A863EE5E8}.Debug|Win32.Build.0 = Debug|Win32
		{BD14D714-8A65-4E0D-85BC-792A863EE5E8}.Release|Win32.ActiveCfg = Release|Win32
		{BD14D714-8A65-4E0D-85BC-792A863EE5E8}.Release|Win32.Build.0 = Release|Win32
	EndGlobalSection
	GlobalSection(SolutionProperties) = preSolution
		HideSolutionNode = FALSE
	EndGlobalSection
EndGlobal
